{
  "version": "4",
  "specifiers": {
    "jsr:@std/assert@1": "1.0.7",
    "jsr:@std/internal@^1.0.5": "1.0.5",
    "npm:@sentry/node@^8.36.0": "8.36.0_@opentelemetry+api@1.9.0_@opentelemetry+core@1.27.0__@opentelemetry+api@1.9.0_@opentelemetry+instrumentation@0.53.0__@opentelemetry+api@1.9.0_@opentelemetry+sdk-trace-base@1.27.0__@opentelemetry+api@1.9.0_@opentelemetry+semantic-conventions@1.27.0",
    "npm:@ts-rest/express@^3.51.0": "3.51.0_@ts-rest+core@3.51.0__@types+node@22.5.4__zod@3.23.8_express@4.21.1_zod@3.23.8_@types+node@22.5.4",
    "npm:@types/node@*": "22.5.4",
    "npm:bcryptjs@^2.4.3": "2.4.3",
    "npm:date-fns@^4.1.0": "4.1.0",
    "npm:dotenv@^16.4.5": "16.4.5",
    "npm:express@^4.17.1": "4.21.1",
    "npm:express@^4.21.1": "4.21.1",
    "npm:mongoose@^8.8.0": "8.8.0",
    "npm:zod@^3.23.8": "3.23.8"
  },
  "jsr": {
    "@std/assert@1.0.7": {
      "integrity": "64ce9fac879e0b9f3042a89b3c3f8ccfc9c984391af19e2087513a79d73e28c3",
      "dependencies": [
        "jsr:@std/internal"
      ]
    },
    "@std/internal@1.0.5": {
      "integrity": "54a546004f769c1ac9e025abd15a76b6671ddc9687e2313b67376125650dc7ba"
    }
  },
  "npm": {
    "@mongodb-js/saslprep@1.1.9": {
      "integrity": "sha512-tVkljjeEaAhCqTzajSdgbQ6gE6f3oneVwa3iXR6csiEwXXOFsiC6Uh9iAjAhXPtqa/XMDHWjjeNH/77m/Yq2dw==",
      "dependencies": [
        "sparse-bitfield"
      ]
    },
    "@opentelemetry/api-logs@0.52.1": {
      "integrity": "sha512-qnSqB2DQ9TPP96dl8cDubDvrUyWc0/sK81xHTK8eSUspzDM3bsewX903qclQFvVhgStjRWdC5bLb3kQqMkfV5A==",
      "dependencies": [
        "@opentelemetry/api"
      ]
    },
    "@opentelemetry/api-logs@0.53.0": {
      "integrity": "sha512-8HArjKx+RaAI8uEIgcORbZIPklyh1YLjPSBus8hjRmvLi6DeFzgOcdZ7KwPabKj8mXF8dX0hyfAyGfycz0DbFw==",
      "dependencies": [
        "@opentelemetry/api"
      ]
    },
    "@opentelemetry/api-logs@0.54.0": {
      "integrity": "sha512-9HhEh5GqFrassUndqJsyW7a0PzfyWr2eV2xwzHLIS+wX3125+9HE9FMRAKmJRwxZhgZGwH3HNQQjoMGZqmOeVA==",
      "dependencies": [
        "@opentelemetry/api"
      ]
    },
    "@opentelemetry/api@1.9.0": {
      "integrity": "sha512-3giAOQvZiH5F9bMlMiv8+GSPMeqg0dbaeo58/0SlA9sxSqZhnUtxzX9/2FzyhS9sWQf5S0GJE0AKBrFqjpeYcg=="
    },
    "@opentelemetry/context-async-hooks@1.27.0_@opentelemetry+api@1.9.0": {
      "integrity": "sha512-CdZ3qmHCwNhFAzjTgHqrDQ44Qxcpz43cVxZRhOs+Ns/79ug+Mr84Bkb626bkJLkA3+BLimA5YAEVRlJC6pFb7g==",
      "dependencies": [
        "@opentelemetry/api"
      ]
    },
    "@opentelemetry/core@1.26.0_@opentelemetry+api@1.9.0": {
      "integrity": "sha512-1iKxXXE8415Cdv0yjG3G6hQnB5eVEsJce3QaawX8SjDn0mAS0ZM8fAbZZJD4ajvhC15cePvosSCut404KrIIvQ==",
      "dependencies": [
        "@opentelemetry/api",
        "@opentelemetry/semantic-conventions"
      ]
    },
    "@opentelemetry/core@1.27.0_@opentelemetry+api@1.9.0": {
      "integrity": "sha512-yQPKnK5e+76XuiqUH/gKyS8wv/7qITd5ln56QkBTf3uggr0VkXOXfcaAuG330UfdYu83wsyoBwqwxigpIG+Jkg==",
      "dependencies": [
        "@opentelemetry/api",
        "@opentelemetry/semantic-conventions"
      ]
    },
    "@opentelemetry/instrumentation-amqplib@0.42.0_@opentelemetry+api@1.9.0": {
      "integrity": "sha512-fiuU6OKsqHJiydHWgTRQ7MnIrJ2lEqsdgFtNIH4LbAUJl/5XmrIeoDzDnox+hfkgWK65jsleFuQDtYb5hW1koQ==",
      "dependencies": [
        "@opentelemetry/api",
        "@opentelemetry/core@1.27.0_@opentelemetry+api@1.9.0",
        "@opentelemetry/instrumentation@0.53.0_@opentelemetry+api@1.9.0",
        "@opentelemetry/semantic-conventions"
      ]
    },
    "@opentelemetry/instrumentation-connect@0.40.0_@opentelemetry+api@1.9.0": {
      "integrity": "sha512-3aR/3YBQ160siitwwRLjwqrv2KBT16897+bo6yz8wIfel6nWOxTZBJudcbsK3p42pTC7qrbotJ9t/1wRLpv79Q==",
      "dependencies": [
        "@opentelemetry/api",
        "@opentelemetry/core@1.27.0_@opentelemetry+api@1.9.0",
        "@opentelemetry/instrumentation@0.54.0_@opentelemetry+api@1.9.0",
        "@opentelemetry/semantic-conventions",
        "@types/connect"
      ]
    },
    "@opentelemetry/instrumentation-dataloader@0.12.0_@opentelemetry+api@1.9.0": {
      "integrity": "sha512-pnPxatoFE0OXIZDQhL2okF//dmbiWFzcSc8pUg9TqofCLYZySSxDCgQc69CJBo5JnI3Gz1KP+mOjS4WAeRIH4g==",
      "dependencies": [
        "@opentelemetry/api",
        "@opentelemetry/instrumentation@0.53.0_@opentelemetry+api@1.9.0"
      ]
    },
    "@opentelemetry/instrumentation-express@0.44.0_@opentelemetry+api@1.9.0": {
      "integrity": "sha512-GWgibp6Q0wxyFaaU8ERIgMMYgzcHmGrw3ILUtGchLtLncHNOKk0SNoWGqiylXWWT4HTn5XdV8MGawUgpZh80cA==",
      "dependencies": [
        "@opentelemetry/api",
        "@opentelemetry/core@1.27.0_@opentelemetry+api@1.9.0",
        "@opentelemetry/instrumentation@0.54.0_@opentelemetry+api@1.9.0",
        "@opentelemetry/semantic-conventions"
      ]
    },
    "@opentelemetry/instrumentation-fastify@0.40.0_@opentelemetry+api@1.9.0": {
      "integrity": "sha512-74qj4nG3zPtU7g2x4sm2T4R3/pBMyrYstTsqSZwdlhQk1SD4l8OSY9sPRX1qkhfxOuW3U4KZQAV/Cymb3fB6hg==",
      "dependencies": [
        "@opentelemetry/api",
        "@opentelemetry/core@1.27.0_@opentelemetry+api@1.9.0",
        "@opentelemetry/instrumentation@0.53.0_@opentelemetry+api@1.9.0",
        "@opentelemetry/semantic-conventions"
      ]
    },
    "@opentelemetry/instrumentation-fs@0.16.0_@opentelemetry+api@1.9.0": {
      "integrity": "sha512-hMDRUxV38ln1R3lNz6osj3YjlO32ykbHqVrzG7gEhGXFQfu7LJUx8t9tEwE4r2h3CD4D0Rw4YGDU4yF4mP3ilg==",
      "dependencies": [
        "@opentelemetry/api",
        "@opentelemetry/core@1.27.0_@opentelemetry+api@1.9.0",
        "@opentelemetry/instrumentation@0.54.0_@opentelemetry+api@1.9.0"
      ]
    },
    "@opentelemetry/instrumentation-generic-pool@0.39.0_@opentelemetry+api@1.9.0": {
      "integrity": "sha512-y4v8Y+tSfRB3NNBvHjbjrn7rX/7sdARG7FuK6zR8PGb28CTa0kHpEGCJqvL9L8xkTNvTXo+lM36ajFGUaK1aNw==",
      "dependencies": [
        "@opentelemetry/api",
        "@opentelemetry/instrumentation@0.53.0_@opentelemetry+api@1.9.0"
      ]
    },
    "@opentelemetry/instrumentation-graphql@0.43.0_@opentelemetry+api@1.9.0": {
      "integrity": "sha512-aI3YMmC2McGd8KW5du1a2gBA0iOMOGLqg4s9YjzwbjFwjlmMNFSK1P3AIg374GWg823RPUGfVTIgZ/juk9CVOA==",
      "dependencies": [
        "@opentelemetry/api",
        "@opentelemetry/instrumentation@0.53.0_@opentelemetry+api@1.9.0"
      ]
    },
    "@opentelemetry/instrumentation-hapi@0.41.0_@opentelemetry+api@1.9.0": {
      "integrity": "sha512-jKDrxPNXDByPlYcMdZjNPYCvw0SQJjN+B1A+QH+sx+sAHsKSAf9hwFiJSrI6C4XdOls43V/f/fkp9ITkHhKFbQ==",
      "dependencies": [
        "@opentelemetry/api",
        "@opentelemetry/core@1.27.0_@opentelemetry+api@1.9.0",
        "@opentelemetry/instrumentation@0.53.0_@opentelemetry+api@1.9.0",
        "@opentelemetry/semantic-conventions"
      ]
    },
    "@opentelemetry/instrumentation-http@0.53.0_@opentelemetry+api@1.9.0": {
      "integrity": "sha512-H74ErMeDuZfj7KgYCTOFGWF5W9AfaPnqLQQxeFq85+D29wwV2yqHbz2IKLYpkOh7EI6QwDEl7rZCIxjJLyc/CQ==",
      "dependencies": [
        "@opentelemetry/api",
        "@opentelemetry/core@1.26.0_@opentelemetry+api@1.9.0",
        "@opentelemetry/instrumentation@0.53.0_@opentelemetry+api@1.9.0",
        "@opentelemetry/semantic-conventions",
        "semver"
      ]
    },
    "@opentelemetry/instrumentation-ioredis@0.43.0_@opentelemetry+api@1.9.0": {
      "integrity": "sha512-i3Dke/LdhZbiUAEImmRG3i7Dimm/BD7t8pDDzwepSvIQ6s2X6FPia7561gw+64w+nx0+G9X14D7rEfaMEmmjig==",
      "dependencies": [
        "@opentelemetry/api",
        "@opentelemetry/instrumentation@0.53.0_@opentelemetry+api@1.9.0",
        "@opentelemetry/redis-common",
        "@opentelemetry/semantic-conventions"
      ]
    },
    "@opentelemetry/instrumentation-kafkajs@0.4.0_@opentelemetry+api@1.9.0": {
      "integrity": "sha512-I9VwDG314g7SDL4t8kD/7+1ytaDBRbZQjhVaQaVIDR8K+mlsoBhLsWH79yHxhHQKvwCSZwqXF+TiTOhoQVUt7A==",
      "dependencies": [
        "@opentelemetry/api",
        "@opentelemetry/instrumentation@0.54.0_@opentelemetry+api@1.9.0",
        "@opentelemetry/semantic-conventions"
      ]
    },
    "@opentelemetry/instrumentation-koa@0.43.0_@opentelemetry+api@1.9.0": {
      "integrity": "sha512-lDAhSnmoTIN6ELKmLJBplXzT/Jqs5jGZehuG22EdSMaTwgjMpxMDI1YtlKEhiWPWkrz5LUsd0aOO0ZRc9vn3AQ==",
      "dependencies": [
        "@opentelemetry/api",
        "@opentelemetry/core@1.27.0_@opentelemetry+api@1.9.0",
        "@opentelemetry/instrumentation@0.53.0_@opentelemetry+api@1.9.0",
        "@opentelemetry/semantic-conventions"
      ]
    },
    "@opentelemetry/instrumentation-lru-memoizer@0.40.0_@opentelemetry+api@1.9.0": {
      "integrity": "sha512-21xRwZsEdMPnROu/QsaOIODmzw59IYpGFmuC4aFWvMj6stA8+Ei1tX67nkarJttlNjoM94um0N4X26AD7ff54A==",
      "dependencies": [
        "@opentelemetry/api",
        "@opentelemetry/instrumentation@0.53.0_@opentelemetry+api@1.9.0"
      ]
    },
    "@opentelemetry/instrumentation-mongodb@0.47.0_@opentelemetry+api@1.9.0": {
      "integrity": "sha512-yqyXRx2SulEURjgOQyJzhCECSh5i1uM49NUaq9TqLd6fA7g26OahyJfsr9NE38HFqGRHpi4loyrnfYGdrsoVjQ==",
      "dependencies": [
        "@opentelemetry/api",
        "@opentelemetry/instrumentation@0.53.0_@opentelemetry+api@1.9.0",
        "@opentelemetry/sdk-metrics",
        "@opentelemetry/semantic-conventions"
      ]
    },
    "@opentelemetry/instrumentation-mongoose@0.42.0_@opentelemetry+api@1.9.0": {
      "integrity": "sha512-AnWv+RaR86uG3qNEMwt3plKX1ueRM7AspfszJYVkvkehiicC3bHQA6vWdb6Zvy5HAE14RyFbu9+2hUUjR2NSyg==",
      "dependencies": [
        "@opentelemetry/api",
        "@opentelemetry/core@1.27.0_@opentelemetry+api@1.9.0",
        "@opentelemetry/instrumentation@0.53.0_@opentelemetry+api@1.9.0",
        "@opentelemetry/semantic-conventions"
      ]
    },
    "@opentelemetry/instrumentation-mysql2@0.41.0_@opentelemetry+api@1.9.0": {
      "integrity": "sha512-REQB0x+IzVTpoNgVmy5b+UnH1/mDByrneimP6sbDHkp1j8QOl1HyWOrBH/6YWR0nrbU3l825Em5PlybjT3232g==",
      "dependencies": [
        "@opentelemetry/api",
        "@opentelemetry/instrumentation@0.53.0_@opentelemetry+api@1.9.0",
        "@opentelemetry/semantic-conventions",
        "@opentelemetry/sql-common"
      ]
    },
    "@opentelemetry/instrumentation-mysql@0.41.0_@opentelemetry+api@1.9.0": {
      "integrity": "sha512-jnvrV6BsQWyHS2qb2fkfbfSb1R/lmYwqEZITwufuRl37apTopswu9izc0b1CYRp/34tUG/4k/V39PND6eyiNvw==",
      "dependencies": [
        "@opentelemetry/api",
        "@opentelemetry/instrumentation@0.53.0_@opentelemetry+api@1.9.0",
        "@opentelemetry/semantic-conventions",
        "@types/mysql"
      ]
    },
    "@opentelemetry/instrumentation-nestjs-core@0.40.0_@opentelemetry+api@1.9.0": {
      "integrity": "sha512-WF1hCUed07vKmf5BzEkL0wSPinqJgH7kGzOjjMAiTGacofNXjb/y4KQ8loj2sNsh5C/NN7s1zxQuCgbWbVTGKg==",
      "dependencies": [
        "@opentelemetry/api",
        "@opentelemetry/instrumentation@0.53.0_@opentelemetry+api@1.9.0",
        "@opentelemetry/semantic-conventions"
      ]
    },
    "@opentelemetry/instrumentation-pg@0.44.0_@opentelemetry+api@1.9.0": {
      "integrity": "sha512-oTWVyzKqXud1BYEGX1loo2o4k4vaU1elr3vPO8NZolrBtFvQ34nx4HgUaexUDuEog00qQt+MLR5gws/p+JXMLQ==",
      "dependencies": [
        "@opentelemetry/api",
        "@opentelemetry/instrumentation@0.53.0_@opentelemetry+api@1.9.0",
        "@opentelemetry/semantic-conventions",
        "@opentelemetry/sql-common",
        "@types/pg",
        "@types/pg-pool"
      ]
    },
    "@opentelemetry/instrumentation-redis-4@0.42.0_@opentelemetry+api@1.9.0": {
      "integrity": "sha512-NaD+t2JNcOzX/Qa7kMy68JbmoVIV37fT/fJYzLKu2Wwd+0NCxt+K2OOsOakA8GVg8lSpFdbx4V/suzZZ2Pvdjg==",
      "dependencies": [
        "@opentelemetry/api",
        "@opentelemetry/instrumentation@0.53.0_@opentelemetry+api@1.9.0",
        "@opentelemetry/redis-common",
        "@opentelemetry/semantic-conventions"
      ]
    },
    "@opentelemetry/instrumentation-undici@0.6.0_@opentelemetry+api@1.9.0": {
      "integrity": "sha512-ABJBhm5OdhGmbh0S/fOTE4N69IZ00CsHC5ijMYfzbw3E5NwLgpQk5xsljaECrJ8wz1SfXbO03FiSuu5AyRAkvQ==",
      "dependencies": [
        "@opentelemetry/api",
        "@opentelemetry/core@1.27.0_@opentelemetry+api@1.9.0",
        "@opentelemetry/instrumentation@0.53.0_@opentelemetry+api@1.9.0"
      ]
    },
    "@opentelemetry/instrumentation@0.52.1_@opentelemetry+api@1.9.0": {
      "integrity": "sha512-uXJbYU/5/MBHjMp1FqrILLRuiJCs3Ofk0MeRDk8g1S1gD47U8X3JnSwcMO1rtRo1x1a7zKaQHaoYu49p/4eSKw==",
      "dependencies": [
        "@opentelemetry/api",
        "@opentelemetry/api-logs@0.52.1",
        "@types/shimmer",
        "import-in-the-middle",
        "require-in-the-middle",
        "semver",
        "shimmer"
      ]
    },
    "@opentelemetry/instrumentation@0.53.0_@opentelemetry+api@1.9.0": {
      "integrity": "sha512-DMwg0hy4wzf7K73JJtl95m/e0boSoWhH07rfvHvYzQtBD3Bmv0Wc1x733vyZBqmFm8OjJD0/pfiUg1W3JjFX0A==",
      "dependencies": [
        "@opentelemetry/api",
        "@opentelemetry/api-logs@0.53.0",
        "@types/shimmer",
        "import-in-the-middle",
        "require-in-the-middle",
        "semver",
        "shimmer"
      ]
    },
    "@opentelemetry/instrumentation@0.54.0_@opentelemetry+api@1.9.0": {
      "integrity": "sha512-B0Ydo9g9ehgNHwtpc97XivEzjz0XBKR6iQ83NTENIxEEf5NHE0otZQuZLgDdey1XNk+bP1cfRpIkSFWM5YlSyg==",
      "dependencies": [
        "@opentelemetry/api",
        "@opentelemetry/api-logs@0.54.0",
        "@types/shimmer",
        "import-in-the-middle",
        "require-in-the-middle",
        "semver",
        "shimmer"
      ]
    },
    "@opentelemetry/redis-common@0.36.2": {
      "integrity": "sha512-faYX1N0gpLhej/6nyp6bgRjzAKXn5GOEMYY7YhciSfCoITAktLUtQ36d24QEWNA1/WA1y6qQunCe0OhHRkVl9g=="
    },
    "@opentelemetry/resources@1.27.0_@opentelemetry+api@1.9.0": {
      "integrity": "sha512-jOwt2VJ/lUD5BLc+PMNymDrUCpm5PKi1E9oSVYAvz01U/VdndGmrtV3DU1pG4AwlYhJRHbHfOUIlpBeXCPw6QQ==",
      "dependencies": [
        "@opentelemetry/api",
        "@opentelemetry/core@1.27.0_@opentelemetry+api@1.9.0",
        "@opentelemetry/semantic-conventions"
      ]
    },
    "@opentelemetry/sdk-metrics@1.27.0_@opentelemetry+api@1.9.0": {
      "integrity": "sha512-JzWgzlutoXCydhHWIbLg+r76m+m3ncqvkCcsswXAQ4gqKS+LOHKhq+t6fx1zNytvLuaOUBur7EvWxECc4jPQKg==",
      "dependencies": [
        "@opentelemetry/api",
        "@opentelemetry/core@1.27.0_@opentelemetry+api@1.9.0",
        "@opentelemetry/resources"
      ]
    },
    "@opentelemetry/sdk-trace-base@1.27.0_@opentelemetry+api@1.9.0": {
      "integrity": "sha512-btz6XTQzwsyJjombpeqCX6LhiMQYpzt2pIYNPnw0IPO/3AhT6yjnf8Mnv3ZC2A4eRYOjqrg+bfaXg9XHDRJDWQ==",
      "dependencies": [
        "@opentelemetry/api",
        "@opentelemetry/core@1.27.0_@opentelemetry+api@1.9.0",
        "@opentelemetry/resources",
        "@opentelemetry/semantic-conventions"
      ]
    },
    "@opentelemetry/semantic-conventions@1.27.0": {
      "integrity": "sha512-sAay1RrB+ONOem0OZanAR1ZI/k7yDpnOQSQmTMuGImUQb2y8EbSaCJ94FQluM74xoU03vlb2d2U90hZluL6nQg=="
    },
    "@opentelemetry/sql-common@0.40.1_@opentelemetry+api@1.9.0": {
      "integrity": "sha512-nSDlnHSqzC3pXn/wZEZVLuAuJ1MYMXPBwtv2qAbCa3847SaHItdE7SzUq/Jtb0KZmh1zfAbNi3AAMjztTT4Ugg==",
      "dependencies": [
        "@opentelemetry/api",
        "@opentelemetry/core@1.27.0_@opentelemetry+api@1.9.0"
      ]
    },
    "@prisma/instrumentation@5.19.1_@opentelemetry+api@1.9.0": {
      "integrity": "sha512-VLnzMQq7CWroL5AeaW0Py2huiNKeoMfCH3SUxstdzPrlWQi6UQ9UrfcbUkNHlVFqOMacqy8X/8YtE0kuKDpD9w==",
      "dependencies": [
        "@opentelemetry/api",
        "@opentelemetry/instrumentation@0.52.1_@opentelemetry+api@1.9.0",
        "@opentelemetry/sdk-trace-base"
      ]
    },
    "@sentry/core@8.36.0": {
      "integrity": "sha512-cbq1WQyRqc/+YpPhjwQxfniUM3ZxmO3Pm1oisTB8dw6mlbgQfGD6aznEIjXWWJY6k6acewJlMUx09N7DnprtBw==",
      "dependencies": [
        "@sentry/types",
        "@sentry/utils"
      ]
    },
    "@sentry/node@8.36.0_@opentelemetry+api@1.9.0_@opentelemetry+core@1.27.0__@opentelemetry+api@1.9.0_@opentelemetry+instrumentation@0.53.0__@opentelemetry+api@1.9.0_@opentelemetry+sdk-trace-base@1.27.0__@opentelemetry+api@1.9.0_@opentelemetry+semantic-conventions@1.27.0": {
      "integrity": "sha512-2RRbSck90TGpVz8F3OaNbq5Q9RXgeRlq5leGWHU7NfQOl3LmkG+vkzTbOqPDPZLtiYcw5KQ3G5G+vybrDS6AGg==",
      "dependencies": [
        "@opentelemetry/api",
        "@opentelemetry/context-async-hooks",
        "@opentelemetry/core@1.27.0_@opentelemetry+api@1.9.0",
        "@opentelemetry/instrumentation@0.53.0_@opentelemetry+api@1.9.0",
        "@opentelemetry/instrumentation-amqplib",
        "@opentelemetry/instrumentation-connect",
        "@opentelemetry/instrumentation-dataloader",
        "@opentelemetry/instrumentation-express",
        "@opentelemetry/instrumentation-fastify",
        "@opentelemetry/instrumentation-fs",
        "@opentelemetry/instrumentation-generic-pool",
        "@opentelemetry/instrumentation-graphql",
        "@opentelemetry/instrumentation-hapi",
        "@opentelemetry/instrumentation-http",
        "@opentelemetry/instrumentation-ioredis",
        "@opentelemetry/instrumentation-kafkajs",
        "@opentelemetry/instrumentation-koa",
        "@opentelemetry/instrumentation-lru-memoizer",
        "@opentelemetry/instrumentation-mongodb",
        "@opentelemetry/instrumentation-mongoose",
        "@opentelemetry/instrumentation-mysql",
        "@opentelemetry/instrumentation-mysql2",
        "@opentelemetry/instrumentation-nestjs-core",
        "@opentelemetry/instrumentation-pg",
        "@opentelemetry/instrumentation-redis-4",
        "@opentelemetry/instrumentation-undici",
        "@opentelemetry/resources",
        "@opentelemetry/sdk-trace-base",
        "@opentelemetry/semantic-conventions",
        "@prisma/instrumentation",
        "@sentry/core",
        "@sentry/opentelemetry",
        "@sentry/types",
        "@sentry/utils",
        "import-in-the-middle"
      ]
    },
    "@sentry/opentelemetry@8.36.0_@opentelemetry+api@1.9.0_@opentelemetry+core@1.27.0__@opentelemetry+api@1.9.0_@opentelemetry+instrumentation@0.53.0__@opentelemetry+api@1.9.0_@opentelemetry+sdk-trace-base@1.27.0__@opentelemetry+api@1.9.0_@opentelemetry+semantic-conventions@1.27.0": {
      "integrity": "sha512-pMKMphH0j1Mh8zknLWEEUaaaxeYn76rniGOxKLoQVk1pCUhhzkFEJdxKC41aR8yin/uN8X3CGWQb9vp/przwSg==",
      "dependencies": [
        "@opentelemetry/api",
        "@opentelemetry/core@1.27.0_@opentelemetry+api@1.9.0",
        "@opentelemetry/instrumentation@0.53.0_@opentelemetry+api@1.9.0",
        "@opentelemetry/sdk-trace-base",
        "@opentelemetry/semantic-conventions",
        "@sentry/core",
        "@sentry/types",
        "@sentry/utils"
      ]
    },
    "@sentry/types@8.36.0": {
      "integrity": "sha512-K1pVFfdGHw115RzGHpwSOqoEPeayn4N1F9IfM0kxrYpQSbFT1X29eak88GBfC8gPiLEF0iFGlSaQ4ERmF7oRcA=="
    },
    "@sentry/utils@8.36.0": {
      "integrity": "sha512-oJ3EDPj0I00z+AwC3EWBpSidXYUoKW0Id8MfMQP5Hflniz3gif7UEReblT+FJgPEVo6+6uNzAncY0MuNMxmDKQ==",
      "dependencies": [
        "@sentry/types"
      ]
    },
    "@ts-rest/core@3.51.0_@types+node@22.5.4_zod@3.23.8": {
      "integrity": "sha512-v6lnWEcpZj1UgN9wb84XQ+EORP1QEtncFumoXMJjno5ZUV6vdjKze3MYcQN0C6vjBpIJPQEaI/gab2jr4/0KzQ==",
      "dependencies": [
        "@types/node",
        "zod"
      ]
    },
    "@ts-rest/express@3.51.0_@ts-rest+core@3.51.0__@types+node@22.5.4__zod@3.23.8_express@4.21.1_zod@3.23.8_@types+node@22.5.4": {
      "integrity": "sha512-osOo040EHoCMNMFBbEwZ6XheeEhG/zJGF4k3FOYUtaYSdxxYp5XkP8jQoV6I+Lu+O5jopnOQWoCpmNrrraIO8g==",
      "dependencies": [
        "@ts-rest/core",
        "express",
        "zod"
      ]
    },
    "@types/connect@3.4.36": {
      "integrity": "sha512-P63Zd/JUGq+PdrM1lv0Wv5SBYeA2+CORvbrXbngriYY0jzLUWfQMQQxOhjONEz/wlHOAxOdY7CY65rgQdTjq2w==",
      "dependencies": [
        "@types/node"
      ]
    },
    "@types/mysql@2.15.26": {
      "integrity": "sha512-DSLCOXhkvfS5WNNPbfn2KdICAmk8lLc+/PNvnPnF7gOdMZCxopXduqv0OQ13y/yA/zXTSikZZqVgybUxOEg6YQ==",
      "dependencies": [
        "@types/node"
      ]
    },
    "@types/node@22.5.4": {
      "integrity": "sha512-FDuKUJQm/ju9fT/SeX/6+gBzoPzlVCzfzmGkwKvRHQVxi4BntVbyIwf6a4Xn62mrvndLiml6z/UBXIdEVjQLXg==",
      "dependencies": [
        "undici-types"
      ]
    },
    "@types/pg-pool@2.0.6": {
      "integrity": "sha512-TaAUE5rq2VQYxab5Ts7WZhKNmuN78Q6PiFonTDdpbx8a1H0M1vhy3rhiMjl+e2iHmogyMw7jZF4FrE6eJUy5HQ==",
      "dependencies": [
        "@types/pg"
      ]
    },
    "@types/pg@8.6.1": {
      "integrity": "sha512-1Kc4oAGzAl7uqUStZCDvaLFqZrW9qWSjXOmBfdgyBP5La7Us6Mg4GBvRlSoaZMhQF/zSj1C8CtKMBkoiT8eL8w==",
      "dependencies": [
        "@types/node",
        "pg-protocol",
        "pg-types"
      ]
    },
    "@types/shimmer@1.2.0": {
      "integrity": "sha512-UE7oxhQLLd9gub6JKIAhDq06T0F6FnztwMNRvYgjeQSBeMc1ZG/tA47EwfduvkuQS8apbkM/lpLpWsaCeYsXVg=="
    },
    "@types/webidl-conversions@7.0.3": {
      "integrity": "sha512-CiJJvcRtIgzadHCYXw7dqEnMNRjhGZlYK05Mj9OyktqV8uVT8fD2BFOB7S1uwBE3Kj2Z+4UyPmFw/Ixgw/LAlA=="
    },
    "@types/whatwg-url@11.0.5": {
      "integrity": "sha512-coYR071JRaHa+xoEvvYqvnIHaVqaYrLPbsufM9BF63HkwI5Lgmy2QR8Q5K/lYDYo5AK82wOvSOS0UsLTpTG7uQ==",
      "dependencies": [
        "@types/webidl-conversions"
      ]
    },
    "accepts@1.3.8": {
      "integrity": "sha512-PYAthTa2m2VKxuvSD3DPC/Gy+U+sOA1LAuT8mkmRuvw+NACSaeXEQ+NHcVF7rONl6qcaxV3Uuemwawk+7+SJLw==",
      "dependencies": [
        "mime-types",
        "negotiator"
      ]
    },
    "acorn-import-attributes@1.9.5_acorn@8.14.0": {
      "integrity": "sha512-n02Vykv5uA3eHGM/Z2dQrcD56kL8TyDb2p1+0P83PClMnC/nc+anbQRhIOWnSq4Ke/KvDPrY3C9hDtC/A3eHnQ==",
      "dependencies": [
        "acorn"
      ]
    },
    "acorn@8.14.0": {
      "integrity": "sha512-cl669nCJTZBsL97OF4kUQm5g5hC2uihk0NxY3WENAC0TYdILVkAyHymAntgxGkl7K+t0cXIrH5siy5S4XkFycA=="
    },
    "array-flatten@1.1.1": {
      "integrity": "sha512-PCVAQswWemu6UdxsDFFX/+gVeYqKAod3D3UVm91jHwynguOwAvYPhx8nNlM++NqRcK6CxxpUafjmhIdKiHibqg=="
    },
    "bcryptjs@2.4.3": {
      "integrity": "sha512-V/Hy/X9Vt7f3BbPJEi8BdVFMByHi+jNXrYkW3huaybV/kQ0KJg0Y6PkEMbn+zeT+i+SiKZ/HMqJGIIt4LZDqNQ=="
    },
    "body-parser@1.20.3": {
      "integrity": "sha512-7rAxByjUMqQ3/bHJy7D6OGXvx/MMc4IqBn/X0fcM1QUcAItpZrBEYhWGem+tzXH90c+G01ypMcYJBO9Y30203g==",
      "dependencies": [
        "bytes",
        "content-type",
        "debug@2.6.9",
        "depd",
        "destroy",
        "http-errors",
        "iconv-lite",
        "on-finished",
        "qs",
        "raw-body",
        "type-is",
        "unpipe"
      ]
    },
    "bson@6.9.0": {
      "integrity": "sha512-X9hJeyeM0//Fus+0pc5dSUMhhrrmWwQUtdavaQeF3Ta6m69matZkGWV/MrBcnwUeLC8W9kwwc2hfkZgUuCX3Ig=="
    },
    "bytes@3.1.2": {
      "integrity": "sha512-/Nf7TyzTx6S3yRJObOAV7956r8cr2+Oj8AC5dt8wSP3BQAoeX58NoHyCU8P8zGkNXStjTSi6fzO6F0pBdcYbEg=="
    },
    "call-bind@1.0.7": {
      "integrity": "sha512-GHTSNSYICQ7scH7sZ+M2rFopRoLh8t2bLSW6BbgrtLsahOIB5iyAVJf9GjWK3cYTDaMj4XdBpM1cA6pIS0Kv2w==",
      "dependencies": [
        "es-define-property",
        "es-errors",
        "function-bind",
        "get-intrinsic",
        "set-function-length"
      ]
    },
    "cjs-module-lexer@1.4.1": {
      "integrity": "sha512-cuSVIHi9/9E/+821Qjdvngor+xpnlwnuwIyZOaLmHBVdXL+gP+I6QQB9VkO7RI77YIcTV+S1W9AreJ5eN63JBA=="
    },
    "content-disposition@0.5.4": {
      "integrity": "sha512-FveZTNuGw04cxlAiWbzi6zTAL/lhehaWbTtgluJh4/E95DqMwTmha3KZN1aAWA8cFIhHzMZUvLevkw5Rqk+tSQ==",
      "dependencies": [
        "safe-buffer"
      ]
    },
    "content-type@1.0.5": {
      "integrity": "sha512-nTjqfcBFEipKdXCv4YDQWCfmcLZKm81ldF0pAopTvyrFGVbcR6P/VAAd5G7N+0tTr8QqiU0tFadD6FK4NtJwOA=="
    },
    "cookie-signature@1.0.6": {
      "integrity": "sha512-QADzlaHc8icV8I7vbaJXJwod9HWYp8uCqf1xa4OfNu1T7JVxQIrUgOWtHdNDtPiywmFbiS12VjotIXLrKM3orQ=="
    },
    "cookie@0.7.1": {
      "integrity": "sha512-6DnInpx7SJ2AK3+CTUE/ZM0vWTUboZCegxhC2xiIydHR9jNuTAASBrfEpHhiGOZw/nX51bHt6YQl8jsGo4y/0w=="
    },
    "date-fns@4.1.0": {
      "integrity": "sha512-Ukq0owbQXxa/U3EGtsdVBkR1w7KOQ5gIBqdH2hkvknzZPYvBxb/aa6E8L7tmjFtkwZBu3UXBbjIgPo/Ez4xaNg=="
    },
    "debug@2.6.9": {
      "integrity": "sha512-bC7ElrdJaJnPbAP+1EotYvqZsb3ecl5wi6Bfi6BJTUcNowp6cvspg0jXznRTKDjm/E7AdgFBVeAPVMNcKGsHMA==",
      "dependencies": [
        "ms@2.0.0"
      ]
    },
    "debug@4.3.7": {
      "integrity": "sha512-Er2nc/H7RrMXZBFCEim6TCmMk02Z8vLC2Rbi1KEBggpo0fS6l0S1nnapwmIi3yW/+GOJap1Krg4w0Hg80oCqgQ==",
      "dependencies": [
        "ms@2.1.3"
      ]
    },
    "define-data-property@1.1.4": {
      "integrity": "sha512-rBMvIzlpA8v6E+SJZoo++HAYqsLrkg7MSfIinMPFhmkorw7X+dOXVJQs+QT69zGkzMyfDnIMN2Wid1+NbL3T+A==",
      "dependencies": [
        "es-define-property",
        "es-errors",
        "gopd"
      ]
    },
    "depd@2.0.0": {
      "integrity": "sha512-g7nH6P6dyDioJogAAGprGpCtVImJhpPk/roCzdb3fIh61/s/nPsfR6onyMwkCAR/OlC3yBC0lESvUoQEAssIrw=="
    },
    "destroy@1.2.0": {
      "integrity": "sha512-2sJGJTaXIIaR1w4iJSNoN0hnMY7Gpc/n8D4qSCJw8QqFWXf7cuAgnEHxBpweaVcPevC2l3KpjYCx3NypQQgaJg=="
    },
    "dotenv@16.4.5": {
      "integrity": "sha512-ZmdL2rui+eB2YwhsWzjInR8LldtZHGDoQ1ugH85ppHKwpUHL7j7rN0Ti9NCnGiQbhaZ11FpR+7ao1dNsmduNUg=="
    },
    "ee-first@1.1.1": {
      "integrity": "sha512-WMwm9LhRUo+WUaRN+vRuETqG89IgZphVSNkdFgeb6sS/E4OrDIN7t48CAewSHXc6C8lefD8KKfr5vY61brQlow=="
    },
    "encodeurl@1.0.2": {
      "integrity": "sha512-TPJXq8JqFaVYm2CWmPvnP2Iyo4ZSM7/QKcSmuMLDObfpH5fi7RUGmd/rTDf+rut/saiDiQEeVTNgAmJEdAOx0w=="
    },
    "encodeurl@2.0.0": {
      "integrity": "sha512-Q0n9HRi4m6JuGIV1eFlmvJB7ZEVxu93IrMyiMsGC0lrMJMWzRgx6WGquyfQgZVb31vhGgXnfmPNNXmxnOkRBrg=="
    },
    "es-define-property@1.0.0": {
      "integrity": "sha512-jxayLKShrEqqzJ0eumQbVhTYQM27CfT1T35+gCgDFoL82JLsXqTJ76zv6A0YLOgEnLUMvLzsDsGIrl8NFpT2gQ==",
      "dependencies": [
        "get-intrinsic"
      ]
    },
    "es-errors@1.3.0": {
      "integrity": "sha512-Zf5H2Kxt2xjTvbJvP2ZWLEICxA6j+hAmMzIlypy4xcBg1vKVnx89Wy0GbS+kf5cwCVFFzdCFh2XSCFNULS6csw=="
    },
    "escape-html@1.0.3": {
      "integrity": "sha512-NiSupZ4OeuGwr68lGIeym/ksIZMJodUGOSCZ/FSnTxcrekbvqrgdUxlJOMpijaKZVjAJrWrGs/6Jy8OMuyj9ow=="
    },
    "etag@1.8.1": {
      "integrity": "sha512-aIL5Fx7mawVa300al2BnEE4iNvo1qETxLrPI/o05L7z6go7fCw1J6EQmbK4FmJ2AS7kgVF/KEZWufBfdClMcPg=="
    },
    "express@4.21.1": {
      "integrity": "sha512-YSFlK1Ee0/GC8QaO91tHcDxJiE/X4FbpAyQWkxAvG6AXCuR65YzK8ua6D9hvi/TzUfZMpc+BwuM1IPw8fmQBiQ==",
      "dependencies": [
        "accepts",
        "array-flatten",
        "body-parser",
        "content-disposition",
        "content-type",
        "cookie",
        "cookie-signature",
        "debug@2.6.9",
        "depd",
        "encodeurl@2.0.0",
        "escape-html",
        "etag",
        "finalhandler",
        "fresh",
        "http-errors",
        "merge-descriptors",
        "methods",
        "on-finished",
        "parseurl",
        "path-to-regexp",
        "proxy-addr",
        "qs",
        "range-parser",
        "safe-buffer",
        "send",
        "serve-static",
        "setprototypeof",
        "statuses",
        "type-is",
        "utils-merge",
        "vary"
      ]
    },
    "finalhandler@1.3.1": {
      "integrity": "sha512-6BN9trH7bp3qvnrRyzsBz+g3lZxTNZTbVO2EV1CS0WIcDbawYVdYvGflME/9QP0h0pYlCDBCTjYa9nZzMDpyxQ==",
      "dependencies": [
        "debug@2.6.9",
        "encodeurl@2.0.0",
        "escape-html",
        "on-finished",
        "parseurl",
        "statuses",
        "unpipe"
      ]
    },
    "forwarded@0.2.0": {
      "integrity": "sha512-buRG0fpBtRHSTCOASe6hD258tEubFoRLb4ZNA6NxMVHNw2gOcwHo9wyablzMzOA5z9xA9L1KNjk/Nt6MT9aYow=="
    },
    "fresh@0.5.2": {
      "integrity": "sha512-zJ2mQYM18rEFOudeV4GShTGIQ7RbzA7ozbU9I/XBpm7kqgMywgmylMwXHxZJmkVoYkna9d2pVXVXPdYTP9ej8Q=="
    },
    "function-bind@1.1.2": {
      "integrity": "sha512-7XHNxH7qX9xG5mIwxkhumTox/MIRNcOgDrxWsMt2pAr23WHp6MrRlN7FBSFpCpr+oVO0F744iUgR82nJMfG2SA=="
    },
    "get-intrinsic@1.2.4": {
      "integrity": "sha512-5uYhsJH8VJBTv7oslg4BznJYhDoRI6waYCxMmCdnTrcCrHA/fCFKoTFz2JKKE0HdDFUF7/oQuhzumXJK7paBRQ==",
      "dependencies": [
        "es-errors",
        "function-bind",
        "has-proto",
        "has-symbols",
        "hasown"
      ]
    },
    "gopd@1.0.1": {
      "integrity": "sha512-d65bNlIadxvpb/A2abVdlqKqV563juRnZ1Wtk6s1sIR8uNsXR70xqIzVqxVf1eTqDunwT2MkczEeaezCKTZhwA==",
      "dependencies": [
        "get-intrinsic"
      ]
    },
    "has-property-descriptors@1.0.2": {
      "integrity": "sha512-55JNKuIW+vq4Ke1BjOTjM2YctQIvCT7GFzHwmfZPGo5wnrgkid0YQtnAleFSqumZm4az3n2BS+erby5ipJdgrg==",
      "dependencies": [
        "es-define-property"
      ]
    },
    "has-proto@1.0.3": {
      "integrity": "sha512-SJ1amZAJUiZS+PhsVLf5tGydlaVB8EdFpaSO4gmiUKUOxk8qzn5AIy4ZeJUmh22znIdk/uMAUT2pl3FxzVUH+Q=="
    },
    "has-symbols@1.0.3": {
      "integrity": "sha512-l3LCuF6MgDNwTDKkdYGEihYjt5pRPbEg46rtlmnSPlUbgmB8LOIrKJbYYFBSbnPaJexMKtiPO8hmeRjRz2Td+A=="
    },
    "hasown@2.0.2": {
      "integrity": "sha512-0hJU9SCPvmMzIBdZFqNPXWa6dqh7WdH0cII9y+CyS8rG3nL48Bclra9HmKhVVUHyPWNH5Y7xDwAB7bfgSjkUMQ==",
      "dependencies": [
        "function-bind"
      ]
    },
    "http-errors@2.0.0": {
      "integrity": "sha512-FtwrG/euBzaEjYeRqOgly7G0qviiXoJWnvEH2Z1plBdXgbyjv34pHTSb9zoeHMyDy33+DWy5Wt9Wo+TURtOYSQ==",
      "dependencies": [
        "depd",
        "inherits",
        "setprototypeof",
        "statuses",
        "toidentifier"
      ]
    },
    "iconv-lite@0.4.24": {
      "integrity": "sha512-v3MXnZAcvnywkTUEZomIActle7RXXeedOR31wwl7VlyoXO4Qi9arvSenNQWne1TcRwhCL1HwLI21bEqdpj8/rA==",
      "dependencies": [
        "safer-buffer"
      ]
    },
    "import-in-the-middle@1.11.2_acorn@8.14.0": {
      "integrity": "sha512-gK6Rr6EykBcc6cVWRSBR5TWf8nn6hZMYSRYqCcHa0l0d1fPK7JSYo6+Mlmck76jIX9aL/IZ71c06U2VpFwl1zA==",
      "dependencies": [
        "acorn",
        "acorn-import-attributes",
        "cjs-module-lexer",
        "module-details-from-path"
      ]
    },
    "inherits@2.0.4": {
      "integrity": "sha512-k/vGaX4/Yla3WzyMCvTQOXYeIHvqOKtnqBduzTHpzpQZzAskKMhZ2K+EnBiSM9zGSoIFeMpXKxa4dYeZIQqewQ=="
    },
    "ipaddr.js@1.9.1": {
      "integrity": "sha512-0KI/607xoxSToH7GjN1FfSbLoU0+btTicjsQSWQlh/hZykN8KpmMf7uYwPW3R+akZ6R/w18ZlXSHBYXiYUPO3g=="
    },
    "is-core-module@2.15.1": {
      "integrity": "sha512-z0vtXSwucUJtANQWldhbtbt7BnL0vxiFjIdDLAatwhDYty2bad6s+rijD6Ri4YuYJubLzIJLUidCh09e1djEVQ==",
      "dependencies": [
        "hasown"
      ]
    },
    "kareem@2.6.3": {
      "integrity": "sha512-C3iHfuGUXK2u8/ipq9LfjFfXFxAZMQJJq7vLS45r3D9Y2xQ/m4S8zaR4zMLFWh9AsNPXmcFfUDhTEO8UIC/V6Q=="
    },
    "media-typer@0.3.0": {
      "integrity": "sha512-dq+qelQ9akHpcOl/gUVRTxVIOkAJ1wR3QAvb4RsVjS8oVoFjDGTc679wJYmUmknUF5HwMLOgb5O+a3KxfWapPQ=="
    },
    "memory-pager@1.5.0": {
      "integrity": "sha512-ZS4Bp4r/Zoeq6+NLJpP+0Zzm0pR8whtGPf1XExKLJBAczGMnSi3It14OiNCStjQjM6NU1okjQGSxgEZN8eBYKg=="
    },
    "merge-descriptors@1.0.3": {
      "integrity": "sha512-gaNvAS7TZ897/rVaZ0nMtAyxNyi/pdbjbAwUpFQpN70GqnVfOiXpeUUMKRBmzXaSQ8DdTX4/0ms62r2K+hE6mQ=="
    },
    "methods@1.1.2": {
      "integrity": "sha512-iclAHeNqNm68zFtnZ0e+1L2yUIdvzNoauKU4WBA3VvH/vPFieF7qfRlwUZU+DA9P9bPXIS90ulxoUoCH23sV2w=="
    },
    "mime-db@1.52.0": {
      "integrity": "sha512-sPU4uV7dYlvtWJxwwxHD0PuihVNiE7TyAbQ5SWxDCB9mUYvOgroQOwYQQOKPJ8CIbE+1ETVlOoK1UC2nU3gYvg=="
    },
    "mime-types@2.1.35": {
      "integrity": "sha512-ZDY+bPm5zTTF+YpCrAU9nK0UgICYPT0QtT1NZWFv4s++TNkcgVaT0g6+4R2uI4MjQjzysHB1zxuWL50hzaeXiw==",
      "dependencies": [
        "mime-db"
      ]
    },
    "mime@1.6.0": {
      "integrity": "sha512-x0Vn8spI+wuJ1O6S7gnbaQg8Pxh4NNHb7KSINmEWKiPE4RKOplvijn+NkmYmmRgP68mc70j2EbeTFRsrswaQeg=="
    },
    "module-details-from-path@1.0.3": {
      "integrity": "sha512-ySViT69/76t8VhE1xXHK6Ch4NcDd26gx0MzKXLO+F7NOtnqH68d9zF94nT8ZWSxXh8ELOERsnJO/sWt1xZYw5A=="
    },
    "mongodb-connection-string-url@3.0.1": {
      "integrity": "sha512-XqMGwRX0Lgn05TDB4PyG2h2kKO/FfWJyCzYQbIhXUxz7ETt0I/FqHjUeqj37irJ+Dl1ZtU82uYyj14u2XsZKfg==",
      "dependencies": [
        "@types/whatwg-url",
        "whatwg-url"
      ]
    },
    "mongodb@6.10.0": {
      "integrity": "sha512-gP9vduuYWb9ZkDM546M+MP2qKVk5ZG2wPF63OvSRuUbqCR+11ZCAE1mOfllhlAG0wcoJY5yDL/rV3OmYEwXIzg==",
      "dependencies": [
        "@mongodb-js/saslprep",
        "bson",
        "mongodb-connection-string-url"
      ]
    },
    "mongoose@8.8.0": {
      "integrity": "sha512-KluvgwnQB1GPOYZZXUHJRjS1TW6xxwTlf/YgjWExuuNanIe3W7VcR7dDXQVCIRk8L7NYge8EnoTcu2grWtN+XQ==",
      "dependencies": [
        "bson",
        "kareem",
        "mongodb",
        "mpath",
        "mquery",
        "ms@2.1.3",
        "sift"
      ]
    },
    "mpath@0.9.0": {
      "integrity": "sha512-ikJRQTk8hw5DEoFVxHG1Gn9T/xcjtdnOKIU1JTmGjZZlg9LST2mBLmcX3/ICIbgJydT2GOc15RnNy5mHmzfSew=="
    },
    "mquery@5.0.0": {
      "integrity": "sha512-iQMncpmEK8R8ncT8HJGsGc9Dsp8xcgYMVSbs5jgnm1lFHTZqMJTUWTDx1LBO8+mK3tPNZWFLBghQEIOULSTHZg==",
      "dependencies": [
        "debug@4.3.7"
      ]
    },
    "ms@2.0.0": {
      "integrity": "sha512-Tpp60P6IUJDTuOq/5Z8cdskzJujfwqfOTkrwIwj7IRISpnkJnT6SyJ4PCPnGMoFjC9ddhal5KVIYtAt97ix05A=="
    },
    "ms@2.1.3": {
      "integrity": "sha512-6FlzubTLZG3J2a/NVCAleEhjzq5oxgHyaCU9yYXvcLsvoVaHJq/s5xXI6/XXP6tz7R9xAOtHnSO/tXtF3WRTlA=="
    },
    "negotiator@0.6.3": {
      "integrity": "sha512-+EUsqGPLsM+j/zdChZjsnX51g4XrHFOIXwfnCVPGlQk/k5giakcKsuxCObBRu6DSm9opw/O6slWbJdghQM4bBg=="
    },
    "object-inspect@1.13.2": {
      "integrity": "sha512-IRZSRuzJiynemAXPYtPe5BoI/RESNYR7TYm50MC5Mqbd3Jmw5y790sErYw3V6SryFJD64b74qQQs9wn5Bg/k3g=="
    },
    "on-finished@2.4.1": {
      "integrity": "sha512-oVlzkg3ENAhCk2zdv7IJwd/QUD4z2RxRwpkcGY8psCVcCYZNq4wYnVWALHM+brtuJjePWiYF/ClmuDr8Ch5+kg==",
      "dependencies": [
        "ee-first"
      ]
    },
    "parseurl@1.3.3": {
      "integrity": "sha512-CiyeOxFT/JZyN5m0z9PfXw4SCBJ6Sygz1Dpl0wqjlhDEGGBP1GnsUVEL0p63hoG1fcj3fHynXi9NYO4nWOL+qQ=="
    },
    "path-parse@1.0.7": {
      "integrity": "sha512-LDJzPVEEEPR+y48z93A0Ed0yXb8pAByGWo/k5YYdYgpY2/2EsOsksJrq7lOHxryrVOn1ejG6oAp8ahvOIQD8sw=="
    },
    "path-to-regexp@0.1.10": {
      "integrity": "sha512-7lf7qcQidTku0Gu3YDPc8DJ1q7OOucfa/BSsIwjuh56VU7katFvuM8hULfkwB3Fns/rsVF7PwPKVw1sl5KQS9w=="
    },
    "pg-int8@1.0.1": {
      "integrity": "sha512-WCtabS6t3c8SkpDBUlb1kjOs7l66xsGdKpIPZsg4wR+B3+u9UAum2odSsF9tnvxg80h4ZxLWMy4pRjOsFIqQpw=="
    },
    "pg-protocol@1.7.0": {
      "integrity": "sha512-hTK/mE36i8fDDhgDFjy6xNOG+LCorxLG3WO17tku+ij6sVHXh1jQUJ8hYAnRhNla4QVD2H8er/FOjc/+EgC6yQ=="
    },
    "pg-types@2.2.0": {
      "integrity": "sha512-qTAAlrEsl8s4OiEQY69wDvcMIdQN6wdz5ojQiOy6YRMuynxenON0O5oCpJI6lshc6scgAY8qvJ2On/p+CXY0GA==",
      "dependencies": [
        "pg-int8",
        "postgres-array",
        "postgres-bytea",
        "postgres-date",
        "postgres-interval"
      ]
    },
    "postgres-array@2.0.0": {
      "integrity": "sha512-VpZrUqU5A69eQyW2c5CA1jtLecCsN2U/bD6VilrFDWq5+5UIEVO7nazS3TEcHf1zuPYO/sqGvUvW62g86RXZuA=="
    },
    "postgres-bytea@1.0.0": {
      "integrity": "sha512-xy3pmLuQqRBZBXDULy7KbaitYqLcmxigw14Q5sj8QBVLqEwXfeybIKVWiqAXTlcvdvb0+xkOtDbfQMOf4lST1w=="
    },
    "postgres-date@1.0.7": {
      "integrity": "sha512-suDmjLVQg78nMK2UZ454hAG+OAW+HQPZ6n++TNDUX+L0+uUlLywnoxJKDou51Zm+zTCjrCl0Nq6J9C5hP9vK/Q=="
    },
    "postgres-interval@1.2.0": {
      "integrity": "sha512-9ZhXKM/rw350N1ovuWHbGxnGh/SNJ4cnxHiM0rxE4VN41wsg8P8zWn9hv/buK00RP4WvlOyr/RBDiptyxVbkZQ==",
      "dependencies": [
        "xtend"
      ]
    },
    "proxy-addr@2.0.7": {
      "integrity": "sha512-llQsMLSUDUPT44jdrU/O37qlnifitDP+ZwrmmZcoSKyLKvtZxpyV0n2/bD/N4tBAAZ/gJEdZU7KMraoK1+XYAg==",
      "dependencies": [
        "forwarded",
        "ipaddr.js"
      ]
    },
    "punycode@2.3.1": {
      "integrity": "sha512-vYt7UD1U9Wg6138shLtLOvdAu+8DsC/ilFtEVHcH+wydcSpNE20AfSOduf6MkRFahL5FY7X1oU7nKVZFtfq8Fg=="
    },
    "qs@6.13.0": {
      "integrity": "sha512-+38qI9SOr8tfZ4QmJNplMUxqjbe7LKvvZgWdExBOmd+egZTtjLB67Gu0HRX3u/XOq7UU2Nx6nsjvS16Z9uwfpg==",
      "dependencies": [
        "side-channel"
      ]
    },
    "range-parser@1.2.1": {
      "integrity": "sha512-Hrgsx+orqoygnmhFbKaHE6c296J+HTAQXoxEF6gNupROmmGJRoyzfG3ccAveqCBrwr/2yxQ5BVd/GTl5agOwSg=="
    },
    "raw-body@2.5.2": {
      "integrity": "sha512-8zGqypfENjCIqGhgXToC8aB2r7YrBX+AQAfIPs/Mlk+BtPTztOvTS01NRW/3Eh60J+a48lt8qsCzirQ6loCVfA==",
      "dependencies": [
        "bytes",
        "http-errors",
        "iconv-lite",
        "unpipe"
      ]
    },
    "require-in-the-middle@7.4.0": {
      "integrity": "sha512-X34iHADNbNDfr6OTStIAHWSAvvKQRYgLO6duASaVf7J2VA3lvmNYboAHOuLC2huav1IwgZJtyEcJCKVzFxOSMQ==",
      "dependencies": [
        "debug@4.3.7",
        "module-details-from-path",
        "resolve"
      ]
    },
    "resolve@1.22.8": {
      "integrity": "sha512-oKWePCxqpd6FlLvGV1VU0x7bkPmmCNolxzjMf4NczoDnQcIWrAF+cPtZn5i6n+RfD2d9i0tzpKnG6Yk168yIyw==",
      "dependencies": [
        "is-core-module",
        "path-parse",
        "supports-preserve-symlinks-flag"
      ]
    },
    "safe-buffer@5.2.1": {
      "integrity": "sha512-rp3So07KcdmmKbGvgaNxQSJr7bGVSVk5S9Eq1F+ppbRo70+YeaDxkw5Dd8NPN+GD6bjnYm2VuPuCXmpuYvmCXQ=="
    },
    "safer-buffer@2.1.2": {
      "integrity": "sha512-YZo3K82SD7Riyi0E1EQPojLz7kpepnSQI9IyPbHHg1XXXevb5dJI7tpyN2ADxGcQbHG7vcyRHk0cbwqcQriUtg=="
    },
    "semver@7.6.3": {
      "integrity": "sha512-oVekP1cKtI+CTDvHWYFUcMtsK/00wmAEfyqKfNdARm8u1wNVhSgaX7A8d4UuIlUI5e84iEwOhs7ZPYRmzU9U6A=="
    },
    "send@0.19.0": {
      "integrity": "sha512-dW41u5VfLXu8SJh5bwRmyYUbAoSB3c9uQh6L8h/KtsFREPWpbX1lrljJo186Jc4nmci/sGUZ9a0a0J2zgfq2hw==",
      "dependencies": [
        "debug@2.6.9",
        "depd",
        "destroy",
        "encodeurl@1.0.2",
        "escape-html",
        "etag",
        "fresh",
        "http-errors",
        "mime",
        "ms@2.1.3",
        "on-finished",
        "range-parser",
        "statuses"
      ]
    },
    "serve-static@1.16.2": {
      "integrity": "sha512-VqpjJZKadQB/PEbEwvFdO43Ax5dFBZ2UECszz8bQ7pi7wt//PWe1P6MN7eCnjsatYtBT6EuiClbjSWP2WrIoTw==",
      "dependencies": [
        "encodeurl@2.0.0",
        "escape-html",
        "parseurl",
        "send"
      ]
    },
    "set-function-length@1.2.2": {
      "integrity": "sha512-pgRc4hJ4/sNjWCSS9AmnS40x3bNMDTknHgL5UaMBTMyJnU90EgWh1Rz+MC9eFu4BuN/UwZjKQuY/1v3rM7HMfg==",
      "dependencies": [
        "define-data-property",
        "es-errors",
        "function-bind",
        "get-intrinsic",
        "gopd",
        "has-property-descriptors"
      ]
    },
    "setprototypeof@1.2.0": {
      "integrity": "sha512-E5LDX7Wrp85Kil5bhZv46j8jOeboKq5JMmYM3gVGdGH8xFpPWXUMsNrlODCrkoxMEeNi/XZIwuRvY4XNwYMJpw=="
    },
    "shimmer@1.2.1": {
      "integrity": "sha512-sQTKC1Re/rM6XyFM6fIAGHRPVGvyXfgzIDvzoq608vM+jeyVD0Tu1E6Np0Kc2zAIFWIj963V2800iF/9LPieQw=="
    },
    "side-channel@1.0.6": {
      "integrity": "sha512-fDW/EZ6Q9RiO8eFG8Hj+7u/oW+XrPTIChwCOM2+th2A6OblDtYYIpve9m+KvI9Z4C9qSEXlaGR6bTEYHReuglA==",
      "dependencies": [
        "call-bind",
        "es-errors",
        "get-intrinsic",
        "object-inspect"
      ]
    },
    "sift@17.1.3": {
      "integrity": "sha512-Rtlj66/b0ICeFzYTuNvX/EF1igRbbnGSvEyT79McoZa/DeGhMyC5pWKOEsZKnpkqtSeovd5FL/bjHWC3CIIvCQ=="
    },
    "sparse-bitfield@3.0.3": {
      "integrity": "sha512-kvzhi7vqKTfkh0PZU+2D2PIllw2ymqJKujUcyPMd9Y75Nv4nPbGJZXNhxsgdQab2BmlDct1YnfQCguEvHr7VsQ==",
      "dependencies": [
        "memory-pager"
      ]
    },
    "statuses@2.0.1": {
      "integrity": "sha512-RwNA9Z/7PrK06rYLIzFMlaF+l73iwpzsqRIFgbMLbTcLD6cOao82TaWefPXQvB2fOC4AjuYSEndS7N/mTCbkdQ=="
    },
    "supports-preserve-symlinks-flag@1.0.0": {
      "integrity": "sha512-ot0WnXS9fgdkgIcePe6RHNk1WA8+muPa6cSjeR3V8K27q9BB1rTE3R1p7Hv0z1ZyAc8s6Vvv8DIyWf681MAt0w=="
    },
    "toidentifier@1.0.1": {
      "integrity": "sha512-o5sSPKEkg/DIQNmH43V0/uerLrpzVedkUh8tGNvaeXpfpuwjKenlSox/2O/BTlZUtEe+JG7s5YhEz608PlAHRA=="
    },
    "tr46@4.1.1": {
      "integrity": "sha512-2lv/66T7e5yNyhAAC4NaKe5nVavzuGJQVVtRYLyQ2OI8tsJ61PMLlelehb0wi2Hx6+hT/OJUWZcw8MjlSRnxvw==",
      "dependencies": [
        "punycode"
      ]
    },
    "type-is@1.6.18": {
      "integrity": "sha512-TkRKr9sUTxEH8MdfuCSP7VizJyzRNMjj2J2do2Jr3Kym598JVdEksuzPQCnlFPW4ky9Q+iA+ma9BGm06XQBy8g==",
      "dependencies": [
        "media-typer",
        "mime-types"
      ]
    },
    "undici-types@6.19.8": {
      "integrity": "sha512-ve2KP6f/JnbPBFyobGHuerC9g1FYGn/F8n1LWTwNxCEzd6IfqTwUQcNXgEtmmQ6DlRrC1hrSrBnCZPokRrDHjw=="
    },
    "unpipe@1.0.0": {
      "integrity": "sha512-pjy2bYhSsufwWlKwPc+l3cN7+wuJlK6uz0YdJEOlQDbl6jo/YlPi4mb8agUkVC8BF7V8NuzeyPNqRksA3hztKQ=="
    },
    "utils-merge@1.0.1": {
      "integrity": "sha512-pMZTvIkT1d+TFGvDOqodOclx0QWkkgi6Tdoa8gC8ffGAAqz9pzPTZWAybbsHHoED/ztMtkv/VoYTYyShUn81hA=="
    },
    "vary@1.1.2": {
      "integrity": "sha512-BNGbWLfd0eUPabhkXUVm0j8uuvREyTh5ovRa/dyow/BqAbZJyC+5fU+IzQOzmAKzYqYRAISoRhdQr3eIZ/PXqg=="
    },
    "webidl-conversions@7.0.0": {
      "integrity": "sha512-VwddBukDzu71offAQR975unBIGqfKZpM+8ZX6ySk8nYhVoo5CYaZyzt3YBvYtRtO+aoGlqxPg/B87NGVZ/fu6g=="
    },
    "whatwg-url@13.0.0": {
      "integrity": "sha512-9WWbymnqj57+XEuqADHrCJ2eSXzn8WXIW/YSGaZtb2WKAInQ6CHfaUUcTyyver0p8BDg5StLQq8h1vtZuwmOig==",
      "dependencies": [
        "tr46",
        "webidl-conversions"
      ]
    },
    "xtend@4.0.2": {
      "integrity": "sha512-LKYU1iAXJXUgAXn9URjiu+MWhyUXHsvfp7mcuYm9dSUKK0/CjtrUwFAxD82/mCWbtLsGjFIad0wIsod4zrTAEQ=="
    },
    "zod@3.23.8": {
      "integrity": "sha512-XBx9AXhXktjUqnepgTiE5flcKIYWi/rme0Eaj+5Y0lftuGBq+jyRu/md4WnuxqgP1ubdpNCsYEYPxrzVHD8d6g=="
    }
  },
  "redirects": {
    "https://deno.land/x/sentry/index.mjs": "https://deno.land/x/sentry@8.36.0/index.mjs"
  },
  "remote": {
    "https://deno.land/x/sentry@8.36.0/index.mjs": "4eb1a181bed08ab89f025925cd6415935790c7ef923ce1694a8a49372f9f5252"
  },
  "workspace": {
    "dependencies": [
      "jsr:@std/assert@1",
      "npm:@sentry/node@^8.36.0",
      "npm:@ts-rest/express@^3.51.0",
      "npm:bcryptjs@^2.4.3",
      "npm:date-fns@^4.1.0",
      "npm:dotenv@^16.4.5",
      "npm:express@^4.21.1",
      "npm:mongoose@^8.8.0",
      "npm:zod@^3.23.8"
    ]
  }
}
